
Microsoft Visual Studio Solution File, Format Version 12.00
# Visual Studio Version 17
VisualStudioVersion = 17.13.35931.197
MinimumVisualStudioVersion = 10.0.40219.1
Project("{FAE04EC0-301F-11D3-BF4B-00C04F79EFBC}") = "CyberQuiz_Lib", "CyberQuiz_Lib\CyberQuiz_Lib.csproj", "{F7504AC8-86B2-4E88-8E39-FC6C6BC5AD6D}"
EndProject
Project("{FAE04EC0-301F-11D3-BF4B-00C04F79EFBC}") = "CyberQuiz_App", "E:\1SIO\Semestre_2\SLAM\TP_fin\CyberQuiz_App\CyberQuiz_App\CyberQuiz_App.csproj", "{2F6BE37B-814D-354F-D10A-F42F880D2505}"
EndProject
Project("{FAE04EC0-301F-11D3-BF4B-00C04F79EFBC}") = "CyberQuizz_App", "WinFormsApp1\CyberQuizz_App.csproj", "{36266023-7FD1-4BAD-91C8-486E14A26CE3}"
EndProject
Global
	GlobalSection(SolutionConfigurationPlatforms) = preSolution
		Debug|Any CPU = Debug|Any CPU
		Release|Any CPU = Release|Any CPU
	EndGlobalSection
	GlobalSection(ProjectConfigurationPlatforms) = postSolution
		{F7504AC8-86B2-4E88-8E39-FC6C6BC5AD6D}.Debug|Any CPU.ActiveCfg = Debug|Any CPU
		{F7504AC8-86B2-4E88-8E39-FC6C6BC5AD6D}.Debug|Any CPU.Build.0 = Debug|Any CPU
		{F7504AC8-86B2-4E88-8E39-FC6C6BC5AD6D}.Release|Any CPU.ActiveCfg = Release|Any CPU
		{F7504AC8-86B2-4E88-8E39-FC6C6BC5AD6D}.Release|Any CPU.Build.0 = Release|Any CPU
		{2F6BE37B-814D-354F-D10A-F42F880D2505}.Debug|Any CPU.ActiveCfg = Debug|Any CPU
		{2F6BE37B-814D-354F-D10A-F42F880D2505}.Debug|Any CPU.Build.0 = Debug|Any CPU
		{2F6BE37B-814D-354F-D10A-F42F880D2505}.Release|Any CPU.ActiveCfg = Release|Any CPU
		{2F6BE37B-814D-354F-D10A-F42F880D2505}.Release|Any CPU.Build.0 = Release|Any CPU
		{36266023-7FD1-4BAD-91C8-486E14A26CE3}.Debug|Any CPU.ActiveCfg = Debug|Any CPU
		{36266023-7FD1-4BAD-91C8-486E14A26CE3}.Debug|Any CPU.Build.0 = Debug|Any CPU
		{36266023-7FD1-4BAD-91C8-486E14A26CE3}.Release|Any CPU.ActiveCfg = Release|Any CPU
		{36266023-7FD1-4BAD-91C8-486E14A26CE3}.Release|Any CPU.Build.0 = Release|Any CPU
	EndGlobalSection
	GlobalSection(SolutionProperties) = preSolution
		HideSolutionNode = FALSE
	EndGlobalSection
	GlobalSection(ExtensibilityGlobals) = postSolution
		SolutionGuid = {3D0FCACB-04AB-456C-A898-F472D3320C4F}
	EndGlobalSection
EndGlobal
